// !$*UTF8*$!
{
	archiveVersion = 1;
	classes = {
	};
	objectVersion = 51;
	objects = {

/* Begin PBXBuildFile section */
		7AC921791B034B59DD9FD24B /* Pods_SnapApp.framework in Frameworks */ = {isa = PBXBuildFile; fileRef = 576C53F2FC7A0583468487A4 /* Pods_SnapApp.framework */; };
		FC8026252773445900748ED3 /* GoogleService-Info.plist in Resources */ = {isa = PBXBuildFile; fileRef = FC8026242773445900748ED3 /* GoogleService-Info.plist */; };
		FC8C3F342770D8EA005103E6 /* AppDelegate.swift in Sources */ = {isa = PBXBuildFile; fileRef = FC8C3F332770D8EA005103E6 /* AppDelegate.swift */; };
		FC8C3F362770D8EA005103E6 /* SceneDelegate.swift in Sources */ = {isa = PBXBuildFile; fileRef = FC8C3F352770D8EA005103E6 /* SceneDelegate.swift */; };
		FC8C3F382770D8EA005103E6 /* SignIn.swift in Sources */ = {isa = PBXBuildFile; fileRef = FC8C3F372770D8EA005103E6 /* SignIn.swift */; };
		FC8C3F3B2770D8EA005103E6 /* Main.storyboard in Resources */ = {isa = PBXBuildFile; fileRef = FC8C3F392770D8EA005103E6 /* Main.storyboard */; };
		FC8C3F3D2770D8FE005103E6 /* Assets.xcassets in Resources */ = {isa = PBXBuildFile; fileRef = FC8C3F3C2770D8FE005103E6 /* Assets.xcassets */; };
		FC8C3F402770D8FE005103E6 /* LaunchScreen.storyboard in Resources */ = {isa = PBXBuildFile; fileRef = FC8C3F3E2770D8FE005103E6 /* LaunchScreen.storyboard */; };
		FC9EEFB52773CDF100F4DFC2 /* SnapVC.swift in Sources */ = {isa = PBXBuildFile; fileRef = FC9EEFB42773CDF100F4DFC2 /* SnapVC.swift */; };
		FCDAF0C42773768B004AD6AF /* FeedVC.swift in Sources */ = {isa = PBXBuildFile; fileRef = FCDAF0C32773768B004AD6AF /* FeedVC.swift */; };
		FCDAF0C72773769D004AD6AF /* UploadVC.swift in Sources */ = {isa = PBXBuildFile; fileRef = FCDAF0C62773769D004AD6AF /* UploadVC.swift */; };
		FCDAF0C9277376B0004AD6AF /* SettingsVC.swift in Sources */ = {isa = PBXBuildFile; fileRef = FCDAF0C8277376B0004AD6AF /* SettingsVC.swift */; };
/* End PBXBuildFile section */

/* Begin PBXFileReference section */
		4661AEAB0C44A813D3A0A076 /* Pods-SnapApp.debug.xcconfig */ = {isa = PBXFileReference; includeInIndex = 1; lastKnownFileType = text.xcconfig; name = "Pods-SnapApp.debug.xcconfig"; path = "Target Support Files/Pods-SnapApp/Pods-SnapApp.debug.xcconfig"; sourceTree = "<group>"; };
		497B662D5A8118CDA9458C40 /* Pods-SnapApp.release.xcconfig */ = {isa = PBXFileReference; includeInIndex = 1; lastKnownFileType = text.xcconfig; name = "Pods-SnapApp.release.xcconfig"; path = "Target Support Files/Pods-SnapApp/Pods-SnapApp.release.xcconfig"; sourceTree = "<group>"; };
		576C53F2FC7A0583468487A4 /* Pods_SnapApp.framework */ = {isa = PBXFileReference; explicitFileType = wrapper.framework; includeInIndex = 0; path = Pods_SnapApp.framework; sourceTree = BUILT_PRODUCTS_DIR; };
		FC8026242773445900748ED3 /* GoogleService-Info.plist */ = {isa = PBXFileReference; fileEncoding = 4; lastKnownFileType = text.plist.xml; path = "GoogleService-Info.plist"; sourceTree = "<group>"; };
		FC8C3F302770D8EA005103E6 /* SnapApp.app */ = {isa = PBXFileReference; explicitFileType = wrapper.application; includeInIndex = 0; path = SnapApp.app; sourceTree = BUILT_PRODUCTS_DIR; };
		FC8C3F332770D8EA005103E6 /* AppDelegate.swift */ = {isa = PBXFileReference; lastKnownFileType = sourcecode.swift; path = AppDelegate.swift; sourceTree = "<group>"; };
		FC8C3F352770D8EA005103E6 /* SceneDelegate.swift */ = {isa = PBXFileReference; lastKnownFileType = sourcecode.swift; path = SceneDelegate.swift; sourceTree = "<group>"; };
		FC8C3F372770D8EA005103E6 /* SignIn.swift */ = {isa = PBXFileReference; lastKnownFileType = sourcecode.swift; path = SignIn.swift; sourceTree = "<group>"; };
		FC8C3F3A2770D8EA005103E6 /* Base */ = {isa = PBXFileReference; lastKnownFileType = file.storyboard; name = Base; path = Base.lproj/Main.storyboard; sourceTree = "<group>"; };
		FC8C3F3C2770D8FE005103E6 /* Assets.xcassets */ = {isa = PBXFileReference; lastKnownFileType = folder.assetcatalog; path = Assets.xcassets; sourceTree = "<group>"; };
		FC8C3F3F2770D8FE005103E6 /* Base */ = {isa = PBXFileReference; lastKnownFileType = file.storyboard; name = Base; path = Base.lproj/LaunchScreen.storyboard; sourceTree = "<group>"; };
		FC8C3F412770D8FE005103E6 /* Info.plist */ = {isa = PBXFileReference; lastKnownFileType = text.plist.xml; path = Info.plist; sourceTree = "<group>"; };
		FC9EEFB42773CDF100F4DFC2 /* SnapVC.swift */ = {isa = PBXFileReference; lastKnownFileType = sourcecode.swift; path = SnapVC.swift; sourceTree = "<group>"; };
		FCDAF0C32773768B004AD6AF /* FeedVC.swift */ = {isa = PBXFileReference; lastKnownFileType = sourcecode.swift; path = FeedVC.swift; sourceTree = "<group>"; };
		FCDAF0C62773769D004AD6AF /* UploadVC.swift */ = {isa = PBXFileReference; lastKnownFileType = sourcecode.swift; path = UploadVC.swift; sourceTree = "<group>"; };
		FCDAF0C8277376B0004AD6AF /* SettingsVC.swift */ = {isa = PBXFileReference; lastKnownFileType = sourcecode.swift; path = SettingsVC.swift; sourceTree = "<group>"; };
/* End PBXFileReference section */

/* Begin PBXFrameworksBuildPhase section */
		FC8C3F2D2770D8EA005103E6 /* Frameworks */ = {
			isa = PBXFrameworksBuildPhase;
			buildActionMask = 2147483647;
			files = (
				7AC921791B034B59DD9FD24B /* Pods_SnapApp.framework in Frameworks */,
			);
			runOnlyForDeploymentPostprocessing = 0;
		};
/* End PBXFrameworksBuildPhase section */

/* Begin PBXGroup section */
		2FEFB6DF17CD30257392233F /* Pods */ = {
			isa = PBXGroup;
			children = (
				4661AEAB0C44A813D3A0A076 /* Pods-SnapApp.debug.xcconfig */,
				497B662D5A8118CDA9458C40 /* Pods-SnapApp.release.xcconfig */,
			);
			path = Pods;
			sourceTree = "<group>";
		};
		E6E814350D0F72F1E432612F /* Frameworks */ = {
			isa = PBXGroup;
			children = (
				576C53F2FC7A0583468487A4 /* Pods_SnapApp.framework */,
			);
			name = Frameworks;
			sourceTree = "<group>";
		};
		FC8C3F272770D8EA005103E6 = {
			isa = PBXGroup;
			children = (
				FC8C3F322770D8EA005103E6 /* SnapApp */,
				FC8C3F312770D8EA005103E6 /* Products */,
				2FEFB6DF17CD30257392233F /* Pods */,
				E6E814350D0F72F1E432612F /* Frameworks */,
			);
			sourceTree = "<group>";
		};
		FC8C3F312770D8EA005103E6 /* Products */ = {
			isa = PBXGroup;
			children = (
				FC8C3F302770D8EA005103E6 /* SnapApp.app */,
			);
			name = Products;
			sourceTree = "<group>";
		};
		FC8C3F322770D8EA005103E6 /* SnapApp */ = {
			isa = PBXGroup;
			children = (
				FCDAF0CA277376B4004AD6AF /* Delegates */,
				FCDAF0C22773765F004AD6AF /* ViewControllers */,
				FC8C3F392770D8EA005103E6 /* Main.storyboard */,
				FC8C3F3C2770D8FE005103E6 /* Assets.xcassets */,
				FC8C3F3E2770D8FE005103E6 /* LaunchScreen.storyboard */,
				FC8026242773445900748ED3 /* GoogleService-Info.plist */,
				FC8C3F412770D8FE005103E6 /* Info.plist */,
			);
			path = SnapApp;
			sourceTree = "<group>";
		};
		FCDAF0C22773765F004AD6AF /* ViewControllers */ = {
			isa = PBXGroup;
			children = (
				FC8C3F372770D8EA005103E6 /* SignIn.swift */,
				FCDAF0C32773768B004AD6AF /* FeedVC.swift */,
				FCDAF0C62773769D004AD6AF /* UploadVC.swift */,
				FCDAF0C8277376B0004AD6AF /* SettingsVC.swift */,
				FC9EEFB42773CDF100F4DFC2 /* SnapVC.swift */,
			);
			path = ViewControllers;
			sourceTree = "<group>";
		};
		FCDAF0CA277376B4004AD6AF /* Delegates */ = {
			isa = PBXGroup;
			children = (
				FC8C3F332770D8EA005103E6 /* AppDelegate.swift */,
				FC8C3F352770D8EA005103E6 /* SceneDelegate.swift */,
			);
			path = Delegates;
			sourceTree = "<group>";
		};
/* End PBXGroup section */

/* Begin PBXNativeTarget section */
		FC8C3F2F2770D8EA005103E6 /* SnapApp */ = {
			isa = PBXNativeTarget;
			buildConfigurationList = FC8C3F442770D8FE005103E6 /* Build configuration list for PBXNativeTarget "SnapApp" */;
			buildPhases = (
				0F96ECD8DA651CFE34A573E4 /* [CP] Check Pods Manifest.lock */,
				FC8C3F2C2770D8EA005103E6 /* Sources */,
				FC8C3F2D2770D8EA005103E6 /* Frameworks */,
				FC8C3F2E2770D8EA005103E6 /* Resources */,
				9241FDF4A32F8699EF111624 /* [CP] Embed Pods Frameworks */,
			);
			buildRules = (
			);
			dependencies = (
			);
			name = SnapApp;
			productName = SnapApp;
			productReference = FC8C3F302770D8EA005103E6 /* SnapApp.app */;
			productType = "com.apple.product-type.application";
		};
/* End PBXNativeTarget section */

/* Begin PBXProject section */
		FC8C3F282770D8EA005103E6 /* Project object */ = {
			isa = PBXProject;
			attributes = {
				LastSwiftUpdateCheck = 1240;
				LastUpgradeCheck = 1240;
				TargetAttributes = {
					FC8C3F2F2770D8EA005103E6 = {
						CreatedOnToolsVersion = 12.4;
					};
				};
			};
			buildConfigurationList = FC8C3F2B2770D8EA005103E6 /* Build configuration list for PBXProject "SnapApp" */;
			compatibilityVersion = "Xcode 9.3";
			developmentRegion = en;
			hasScannedForEncodings = 0;
			knownRegions = (
				en,
				Base,
			);
			mainGroup = FC8C3F272770D8EA005103E6;
			productRefGroup = FC8C3F312770D8EA005103E6 /* Products */;
			projectDirPath = "";
			projectRoot = "";
			targets = (
				FC8C3F2F2770D8EA005103E6 /* SnapApp */,
			);
		};
/* End PBXProject section */

/* Begin PBXResourcesBuildPhase section */
		FC8C3F2E2770D8EA005103E6 /* Resources */ = {
			isa = PBXResourcesBuildPhase;
			buildActionMask = 2147483647;
			files = (
				FC8C3F402770D8FE005103E6 /* LaunchScreen.storyboard in Resources */,
				FC8026252773445900748ED3 /* GoogleService-Info.plist in Resources */,
				FC8C3F3D2770D8FE005103E6 /* Assets.xcassets in Resources */,
				FC8C3F3B2770D8EA005103E6 /* Main.storyboard in Resources */,
			);
			runOnlyForDeploymentPostprocessing = 0;
		};
/* End PBXResourcesBuildPhase section */

/* Begin PBXShellScriptBuildPhase section */
		0F96ECD8DA651CFE34A573E4 /* [CP] Check Pods Manifest.lock */ = {
			isa = PBXShellScriptBuildPhase;
			buildActionMask = 2147483647;
			files = (
			);
			inputFileListPaths = (
			);
			inputPaths = (
				"${PODS_PODFILE_DIR_PATH}/Podfile.lock",
				"${PODS_ROOT}/Manifest.lock",
			);
			name = "[CP] Check Pods Manifest.lock";
			outputFileListPaths = (
			);
			outputPaths = (
				"$(DERIVED_FILE_DIR)/Pods-SnapApp-checkManifestLockResult.txt",
			);
			runOnlyForDeploymentPostprocessing = 0;
			shellPath = /bin/sh;
			shellScript = "diff \"${PODS_PODFILE_DIR_PATH}/Podfile.lock\" \"${PODS_ROOT}/Manifest.lock\" > /dev/null\nif [ $? != 0 ] ; then\n    # print error to STDERR\n    echo \"error: The sandbox is not in sync with the Podfile.lock. Run 'pod install' or update your CocoaPods installation.\" >&2\n    exit 1\nfi\n# This output is used by Xcode 'outputs' to avoid re-running this script phase.\necho \"SUCCESS\" > \"${SCRIPT_OUTPUT_FILE_0}\"\n";
			showEnvVarsInLog = 0;
		};
		9241FDF4A32F8699EF111624 /* [CP] Embed Pods Frameworks */ = {
			isa = PBXShellScriptBuildPhase;
			buildActionMask = 2147483647;
			files = (
			);
			inputFileListPaths = (
				"${PODS_ROOT}/Target Support Files/Pods-SnapApp/Pods-SnapApp-frameworks-${CONFIGURATION}-input-files.xcfilelist",
			);
			name = "[CP] Embed Pods Frameworks";
			outputFileListPaths = (
				"${PODS_ROOT}/Target Support Files/Pods-SnapApp/Pods-SnapApp-frameworks-${CONFIGURATION}-output-files.xcfilelist",
			);
			runOnlyForDeploymentPostprocessing = 0;
			shellPath = /bin/sh;
			shellScript = "\"${PODS_ROOT}/Target Support Files/Pods-SnapApp/Pods-SnapApp-frameworks.sh\"\n";
			showEnvVarsInLog = 0;
		};
/* End PBXShellScriptBuildPhase section */

/* Begin PBXSourcesBuildPhase section */
		FC8C3F2C2770D8EA005103E6 /* Sources */ = {
			isa = PBXSourcesBuildPhase;
			buildActionMask = 2147483647;
			files = (
				FCDAF0C42773768B004AD6AF /* FeedVC.swift in Sources */,
				FC8C3F382770D8EA005103E6 /* SignIn.swift in Sources */,
				FC8C3F342770D8EA005103E6 /* AppDelegate.swift in Sources */,
				FCDAF0C72773769D004AD6AF /* UploadVC.swift in Sources */,
				FC9EEFB52773CDF100F4DFC2 /* SnapVC.swift in Sources */,
				FC8C3F362770D8EA005103E6 /* SceneDelegate.swift in Sources */,
				FCDAF0C9277376B0004AD6AF /* SettingsVC.swift in Sources */,
			);
			runOnlyForDeploymentPostprocessing = 0;
		};
/* End PBXSourcesBuildPhase section */

/* Begin PBXVariantGroup section */
		FC8C3F392770D8EA005103E6 /* Main.storyboard */ = {
			isa = PBXVariantGroup;
			children = (
				FC8C3F3A2770D8EA005103E6 /* Base */,
			);
			name = Main.storyboard;
			sourceTree = "<group>";
		};
		FC8C3F3E2770D8FE005103E6 /* LaunchScreen.storyboard */ = {
			isa = PBXVariantGroup;
			children = (
				FC8C3F3F2770D8FE005103E6 /* Base */,
			);
			name = LaunchScreen.storyboard;
			sourceTree = "<group>";
		};
/* End PBXVariantGroup section */

/* Begin XCBuildConfiguration section */
		FC8C3F422770D8FE005103E6 /* Debug */ = {
			isa = XCBuildConfiguration;
			buildSettings = {
				ALWAYS_SEARCH_USER_PATHS = NO;
				CLANG_ANALYZER_NONNULL = YES;
				CLANG_ANALYZER_NUMBER_OBJECT_CONVERSION = YES_AGGRESSIVE;
				CLANG_CXX_LANGUAGE_STANDARD = "gnu++14";
				CLANG_CXX_LIBRARY = "libc++";
				CLANG_ENABLE_MODULES = YES;
				CLANG_ENABLE_OBJC_ARC = YES;
				CLANG_ENABLE_OBJC_WEAK = YES;
				CLANG_WARN_BLOCK_CAPTURE_AUTORELEASING = YES;
				CLANG_WARN_BOOL_CONVERSION = YES;
				CLANG_WARN_COMMA = YES;
				CLANG_WARN_CONSTANT_CONVERSION = YES;
				CLANG_WARN_DEPRECATED_OBJC_IMPLEMENTATIONS = YES;
				CLANG_WARN_DIRECT_OBJC_ISA_USAGE = YES_ERROR;
				CLANG_WARN_DOCUMENTATION_COMMENTS = YES;
				CLANG_WARN_EMPTY_BODY = YES;
				CLANG_WARN_ENUM_CONVERSION = YES;
				CLANG_WARN_INFINITE_RECURSION = YES;
				CLANG_WARN_INT_CONVERSION = YES;
				CLANG_WARN_NON_LITERAL_NULL_CONVERSION = YES;
				CLANG_WARN_OBJC_IMPLICIT_RETAIN_SELF = YES;
				CLANG_WARN_OBJC_LITERAL_CONVERSION = YES;
				CLANG_WARN_OBJC_ROOT_CLASS = YES_ERROR;
				CLANG_WARN_QUOTED_INCLUDE_IN_FRAMEWORK_HEADER = YES;
				CLANG_WARN_RANGE_LOOP_ANALYSIS = YES;
				CLANG_WARN_STRICT_PROTOTYPES = YES;
				CLANG_WARN_SUSPICIOUS_MOVE = YES;
				CLANG_WARN_UNGUARDED_AVAILABILITY = YES_AGGRESSIVE;
				CLANG_WARN_UNREACHABLE_CODE = YES;
				CLANG_WARN__DUPLICATE_METHOD_MATCH = YES;
				COPY_PHASE_STRIP = NO;
				DEBUG_INFORMATION_FORMAT = dwarf;
				ENABLE_STRICT_OBJC_MSGSEND = YES;
				ENABLE_TESTABILITY = YES;
				GCC_C_LANGUAGE_STANDARD = gnu11;
				GCC_DYNAMIC_NO_PIC = NO;
				GCC_NO_COMMON_BLOCKS = YES;
				GCC_OPTIMIZATION_LEVEL = 0;
				GCC_PREPROCESSOR_DEFINITIONS = (
					"DEBUG=1",
					"$(inherited)",
				);
				GCC_WARN_64_TO_32_BIT_CONVERSION = YES;
				GCC_WARN_ABOUT_RETURN_TYPE = YES_ERROR;
				GCC_WARN_UNDECLARED_SELECTOR = YES;
				GCC_WARN_UNINITIALIZED_AUTOS = YES_AGGRESSIVE;
				GCC_WARN_UNUSED_FUNCTION = YES;
				GCC_WARN_UNUSED_VARIABLE = YES;
				IPHONEOS_DEPLOYMENT_TARGET = 14.4;
				MTL_ENABLE_DEBUG_INFO = INCLUDE_SOURCE;
				MTL_FAST_MATH = YES;
				ONLY_ACTIVE_ARCH = YES;
				SDKROOT = iphoneos;
				SWIFT_ACTIVE_COMPILATION_CONDITIONS = DEBUG;
				SWIFT_OPTIMIZATION_LEVEL = "-Onone";
			};
			name = Debug;
		};
		FC8C3F432770D8FE005103E6 /* Release */ = {
			isa = XCBuildConfiguration;
			buildSettings = {
				ALWAYS_SEARCH_USER_PATHS = NO;
				CLANG_ANALYZER_NONNULL = YES;
				CLANG_ANALYZER_NUMBER_OBJECT_CONVERSION = YES_AGGRESSIVE;
				CLANG_CXX_LANGUAGE_STANDARD = "gnu++14";
				CLANG_CXX_LIBRARY = "libc++";
				CLANG_ENABLE_MODULES = YES;
				CLANG_ENABLE_OBJC_ARC = YES;
				CLANG_ENABLE_OBJC_WEAK = YES;
				CLANG_WARN_BLOCK_CAPTURE_AUTORELEASING = YES;
				CLANG_WARN_BOOL_CONVERSION = YES;
				CLANG_WARN_COMMA = YES;
				CLANG_WARN_CONSTANT_CONVERSION = YES;
				CLANG_WARN_DEPRECATED_OBJC_IMPLEMENTATIONS = YES;
				CLANG_WARN_DIRECT_OBJC_ISA_USAGE = YES_ERROR;
				CLANG_WARN_DOCUMENTATION_COMMENTS = YES;
				CLANG_WARN_EMPTY_BODY = YES;
				CLANG_WARN_ENUM_CONVERSION = YES;
				CLANG_WARN_INFINITE_RECURSION = YES;
				CLANG_WARN_INT_CONVERSION = YES;
				CLANG_WARN_NON_LITERAL_NULL_CONVERSION = YES;
				CLANG_WARN_OBJC_IMPLICIT_RETAIN_SELF = YES;
				CLANG_WARN_OBJC_LITERAL_CONVERSION = YES;
				CLANG_WARN_OBJC_ROOT_CLASS = YES_ERROR;
				CLANG_WARN_QUOTED_INCLUDE_IN_FRAMEWORK_HEADER = YES;
				CLANG_WARN_RANGE_LOOP_ANALYSIS = YES;
				CLANG_WARN_STRICT_PROTOTYPES = YES;
				CLANG_WARN_SUSPICIOUS_MOVE = YES;
				CLANG_WARN_UNGUARDED_AVAILABILITY = YES_AGGRESSIVE;
				CLANG_WARN_UNREACHABLE_CODE = YES;
				CLANG_WARN__DUPLICATE_METHOD_MATCH = YES;
				COPY_PHASE_STRIP = NO;
				DEBUG_INFORMATION_FORMAT = "dwarf-with-dsym";
				ENABLE_NS_ASSERTIONS = NO;
				ENABLE_STRICT_OBJC_MSGSEND = YES;
				GCC_C_LANGUAGE_STANDARD = gnu11;
				GCC_NO_COMMON_BLOCKS = YES;
				GCC_WARN_64_TO_32_BIT_CONVERSION = YES;
				GCC_WARN_ABOUT_RETURN_TYPE = YES_ERROR;
				GCC_WARN_UNDECLARED_SELECTOR = YES;
				GCC_WARN_UNINITIALIZED_AUTOS = YES_AGGRESSIVE;
				GCC_WARN_UNUSED_FUNCTION = YES;
				GCC_WARN_UNUSED_VARIABLE = YES;
				IPHONEOS_DEPLOYMENT_TARGET = 14.4;
				MTL_ENABLE_DEBUG_INFO = NO;
				MTL_FAST_MATH = YES;
				SDKROOT = iphoneos;
				SWIFT_COMPILATION_MODE = wholemodule;
				SWIFT_OPTIMIZATION_LEVEL = "-O";
				VALIDATE_PRODUCT = YES;
			};
			name = Release;
		};
		FC8C3F452770D8FE005103E6 /* Debug */ = {
			isa = XCBuildConfiguration;
			baseConfigurationReference = 4661AEAB0C44A813D3A0A076 /* Pods-SnapApp.debug.xcconfig */;
			buildSettings = {
				ASSETCATALOG_COMPILER_APPICON_NAME = AppIcon;
				ASSETCATALOG_COMPILER_GLOBAL_ACCENT_COLOR_NAME = AccentColor;
				CODE_SIGN_STYLE = Automatic;
				DEVELOPMENT_TEAM = DP2357V4FR;
				INFOPLIST_FILE = SnapApp/Info.plist;
				LD_RUNPATH_SEARCH_PATHS = (
					"$(inherited)",
					"@executable_path/Frameworks",
				);
				PRODUCT_BUNDLE_IDENTIFIER = herbin.SnapApp;
				PRODUCT_NAME = "$(TARGET_NAME)";
				SWIFT_VERSION = 5.0;
				TARGETED_DEVICE_FAMILY = "1,2";
			};
			name = Debug;
		};
		FC8C3F462770D8FE005103E6 /* Release */ = {
			isa = XCBuildConfiguration;
			baseConfigurationReference = 497B662D5A8118CDA9458C40 /* Pods-SnapApp.release.xcconfig */;
			buildSettings = {
				ASSETCATALOG_COMPILER_APPICON_NAME = AppIcon;
				ASSETCATALOG_COMPILER_GLOBAL_ACCENT_COLOR_NAME = AccentColor;
				CODE_SIGN_STYLE = Automatic;
				DEVELOPMENT_TEAM = DP2357V4FR;
				INFOPLIST_FILE = SnapApp/Info.plist;
				LD_RUNPATH_SEARCH_PATHS = (
					"$(inherited)",
					"@executable_path/Frameworks",
				);
				PRODUCT_BUNDLE_IDENTIFIER = herbin.SnapApp;
				PRODUCT_NAME = "$(TARGET_NAME)";
				SWIFT_VERSION = 5.0;
				TARGETED_DEVICE_FAMILY = "1,2";
			};
			name = Release;
		};
/* End XCBuildConfiguration section */

/* Begin XCConfigurationList section */
		FC8C3F2B2770D8EA005103E6 /* Build configuration list for PBXProject "SnapApp" */ = {
			isa = XCConfigurationList;
			buildConfigurations = (
				FC8C3F422770D8FE005103E6 /* Debug */,
				FC8C3F432770D8FE005103E6 /* Release */,
			);
			defaultConfigurationIsVisible = 0;
			defaultConfigurationName = Release;
		};
		FC8C3F442770D8FE005103E6 /* Build configuration list for PBXNativeTarget "SnapApp" */ = {
			isa = XCConfigurationList;
			buildConfigurations = (
				FC8C3F452770D8FE005103E6 /* Debug */,
				FC8C3F462770D8FE005103E6 /* Release */,
			);
			defaultConfigurationIsVisible = 0;
			defaultConfigurationName = Release;
		};
/* End XCConfigurationList section */
	};
	rootObject = FC8C3F282770D8EA005103E6 /* Project object */;
}
